// !$*UTF8*$!
{
	archiveVersion = 1;
	classes = {
	};
	objectVersion = 56;
	objects = {

/* Begin PBXBuildFile section */
		9B83F72E6F09CA838612610F /* Pods_PianistMatchingApp.framework in Frameworks */ = {isa = PBXBuildFile; fileRef = 6AA7EA79A49363C80406E63B /* Pods_PianistMatchingApp.framework */; };
		D19515AD29F506F40037500A /* GoogleService-Info.plist in Resources */ = {isa = PBXBuildFile; fileRef = D19515AC29F506F40037500A /* GoogleService-Info.plist */; };
		D19515AF29F5093C0037500A /* CreateNewUserViewController.swift in Sources */ = {isa = PBXBuildFile; fileRef = D19515AE29F5093C0037500A /* CreateNewUserViewController.swift */; };
		D19515B229F518010037500A /* Util.swift in Sources */ = {isa = PBXBuildFile; fileRef = D19515B129F518010037500A /* Util.swift */; };
		D19515B429F549940037500A /* inputProfileTextController.swift in Sources */ = {isa = PBXBuildFile; fileRef = D19515B329F549940037500A /* inputProfileTextController.swift */; };
		D19515B729F54D6E0037500A /* Manager.swift in Sources */ = {isa = PBXBuildFile; fileRef = D19515B629F54D6E0037500A /* Manager.swift */; };
		D19515B929F550ED0037500A /* UserDataModel.swift in Sources */ = {isa = PBXBuildFile; fileRef = D19515B829F550ED0037500A /* UserDataModel.swift */; };
		D19515BB29F556B80037500A /* SendDBModel.swift in Sources */ = {isa = PBXBuildFile; fileRef = D19515BA29F556B80037500A /* SendDBModel.swift */; };
		D19515BD29F66F870037500A /* heart.json in Resources */ = {isa = PBXBuildFile; fileRef = D19515BC29F66F870037500A /* heart.json */; };
		D19515BF29F786950037500A /* KeyChainConfig.swift in Sources */ = {isa = PBXBuildFile; fileRef = D19515BE29F786950037500A /* KeyChainConfig.swift */; };
		D19515C129F78AC50037500A /* HumansfViewController.swift in Sources */ = {isa = PBXBuildFile; fileRef = D19515C029F78AC50037500A /* HumansfViewController.swift */; };
		D19515C329F7942A0037500A /* LoadDBModel.swift in Sources */ = {isa = PBXBuildFile; fileRef = D19515C229F7942A0037500A /* LoadDBModel.swift */; };
		D19515C529F7A9BF0037500A /* ProfileViewController.swift in Sources */ = {isa = PBXBuildFile; fileRef = D19515C429F7A9BF0037500A /* ProfileViewController.swift */; };
		D19515C829F8DA0B0037500A /* ProfileImageCell.swift in Sources */ = {isa = PBXBuildFile; fileRef = D19515C629F8DA0B0037500A /* ProfileImageCell.swift */; };
		D19515C929F8DA0B0037500A /* ProfileImageCell.xib in Resources */ = {isa = PBXBuildFile; fileRef = D19515C729F8DA0B0037500A /* ProfileImageCell.xib */; };
		D19515CC29F8EA840037500A /* ProfileTextCell.swift in Sources */ = {isa = PBXBuildFile; fileRef = D19515CA29F8EA840037500A /* ProfileTextCell.swift */; };
		D19515CD29F8EA840037500A /* ProfileTextCell.xib in Resources */ = {isa = PBXBuildFile; fileRef = D19515CB29F8EA840037500A /* ProfileTextCell.xib */; };
		D19515D029F8ECF80037500A /* ProfileDetailCell.swift in Sources */ = {isa = PBXBuildFile; fileRef = D19515CE29F8ECF80037500A /* ProfileDetailCell.swift */; };
		D19515D129F8ECF80037500A /* ProfileDetailCell.xib in Resources */ = {isa = PBXBuildFile; fileRef = D19515CF29F8ECF80037500A /* ProfileDetailCell.xib */; };
		D1DFCCA929F495B100AAB1B0 /* AppDelegate.swift in Sources */ = {isa = PBXBuildFile; fileRef = D1DFCCA829F495B100AAB1B0 /* AppDelegate.swift */; };
		D1DFCCAB29F495B100AAB1B0 /* SceneDelegate.swift in Sources */ = {isa = PBXBuildFile; fileRef = D1DFCCAA29F495B100AAB1B0 /* SceneDelegate.swift */; };
		D1DFCCAD29F495B100AAB1B0 /* ViewController.swift in Sources */ = {isa = PBXBuildFile; fileRef = D1DFCCAC29F495B100AAB1B0 /* ViewController.swift */; };
		D1DFCCB029F495B100AAB1B0 /* Main.storyboard in Resources */ = {isa = PBXBuildFile; fileRef = D1DFCCAE29F495B100AAB1B0 /* Main.storyboard */; };
		D1DFCCB229F495B200AAB1B0 /* Assets.xcassets in Resources */ = {isa = PBXBuildFile; fileRef = D1DFCCB129F495B200AAB1B0 /* Assets.xcassets */; };
		D1DFCCB529F495B200AAB1B0 /* LaunchScreen.storyboard in Resources */ = {isa = PBXBuildFile; fileRef = D1DFCCB329F495B200AAB1B0 /* LaunchScreen.storyboard */; };
/* End PBXBuildFile section */

/* Begin PBXFileReference section */
		6AA7EA79A49363C80406E63B /* Pods_PianistMatchingApp.framework */ = {isa = PBXFileReference; explicitFileType = wrapper.framework; includeInIndex = 0; path = Pods_PianistMatchingApp.framework; sourceTree = BUILT_PRODUCTS_DIR; };
		9252378140F6DE6AE3E31B1D /* Pods-PianistMatchingApp.debug.xcconfig */ = {isa = PBXFileReference; includeInIndex = 1; lastKnownFileType = text.xcconfig; name = "Pods-PianistMatchingApp.debug.xcconfig"; path = "Target Support Files/Pods-PianistMatchingApp/Pods-PianistMatchingApp.debug.xcconfig"; sourceTree = "<group>"; };
		B4659DB733F178629CA23E58 /* Pods-PianistMatchingApp.release.xcconfig */ = {isa = PBXFileReference; includeInIndex = 1; lastKnownFileType = text.xcconfig; name = "Pods-PianistMatchingApp.release.xcconfig"; path = "Target Support Files/Pods-PianistMatchingApp/Pods-PianistMatchingApp.release.xcconfig"; sourceTree = "<group>"; };
		D19515AC29F506F40037500A /* GoogleService-Info.plist */ = {isa = PBXFileReference; fileEncoding = 4; lastKnownFileType = text.plist.xml; path = "GoogleService-Info.plist"; sourceTree = "<group>"; };
		D19515AE29F5093C0037500A /* CreateNewUserViewController.swift */ = {isa = PBXFileReference; lastKnownFileType = sourcecode.swift; path = CreateNewUserViewController.swift; sourceTree = "<group>"; };
		D19515B129F518010037500A /* Util.swift */ = {isa = PBXFileReference; lastKnownFileType = sourcecode.swift; path = Util.swift; sourceTree = "<group>"; };
		D19515B329F549940037500A /* inputProfileTextController.swift */ = {isa = PBXFileReference; lastKnownFileType = sourcecode.swift; path = inputProfileTextController.swift; sourceTree = "<group>"; };
		D19515B629F54D6E0037500A /* Manager.swift */ = {isa = PBXFileReference; lastKnownFileType = sourcecode.swift; path = Manager.swift; sourceTree = "<group>"; };
		D19515B829F550ED0037500A /* UserDataModel.swift */ = {isa = PBXFileReference; lastKnownFileType = sourcecode.swift; path = UserDataModel.swift; sourceTree = "<group>"; };
		D19515BA29F556B80037500A /* SendDBModel.swift */ = {isa = PBXFileReference; lastKnownFileType = sourcecode.swift; path = SendDBModel.swift; sourceTree = "<group>"; };
		D19515BC29F66F870037500A /* heart.json */ = {isa = PBXFileReference; fileEncoding = 4; lastKnownFileType = text.json; path = heart.json; sourceTree = "<group>"; };
		D19515BE29F786950037500A /* KeyChainConfig.swift */ = {isa = PBXFileReference; lastKnownFileType = sourcecode.swift; path = KeyChainConfig.swift; sourceTree = "<group>"; };
		D19515C029F78AC50037500A /* HumansfViewController.swift */ = {isa = PBXFileReference; lastKnownFileType = sourcecode.swift; path = HumansfViewController.swift; sourceTree = "<group>"; };
		D19515C229F7942A0037500A /* LoadDBModel.swift */ = {isa = PBXFileReference; lastKnownFileType = sourcecode.swift; path = LoadDBModel.swift; sourceTree = "<group>"; };
		D19515C429F7A9BF0037500A /* ProfileViewController.swift */ = {isa = PBXFileReference; lastKnownFileType = sourcecode.swift; path = ProfileViewController.swift; sourceTree = "<group>"; };
		D19515C629F8DA0B0037500A /* ProfileImageCell.swift */ = {isa = PBXFileReference; lastKnownFileType = sourcecode.swift; path = ProfileImageCell.swift; sourceTree = "<group>"; };
		D19515C729F8DA0B0037500A /* ProfileImageCell.xib */ = {isa = PBXFileReference; lastKnownFileType = file.xib; path = ProfileImageCell.xib; sourceTree = "<group>"; };
		D19515CA29F8EA840037500A /* ProfileTextCell.swift */ = {isa = PBXFileReference; lastKnownFileType = sourcecode.swift; path = ProfileTextCell.swift; sourceTree = "<group>"; };
		D19515CB29F8EA840037500A /* ProfileTextCell.xib */ = {isa = PBXFileReference; lastKnownFileType = file.xib; path = ProfileTextCell.xib; sourceTree = "<group>"; };
		D19515CE29F8ECF80037500A /* ProfileDetailCell.swift */ = {isa = PBXFileReference; lastKnownFileType = sourcecode.swift; path = ProfileDetailCell.swift; sourceTree = "<group>"; };
		D19515CF29F8ECF80037500A /* ProfileDetailCell.xib */ = {isa = PBXFileReference; lastKnownFileType = file.xib; path = ProfileDetailCell.xib; sourceTree = "<group>"; };
		D1DFCCA529F495B100AAB1B0 /* PianistMatchingApp.app */ = {isa = PBXFileReference; explicitFileType = wrapper.application; includeInIndex = 0; path = PianistMatchingApp.app; sourceTree = BUILT_PRODUCTS_DIR; };
		D1DFCCA829F495B100AAB1B0 /* AppDelegate.swift */ = {isa = PBXFileReference; lastKnownFileType = sourcecode.swift; path = AppDelegate.swift; sourceTree = "<group>"; };
		D1DFCCAA29F495B100AAB1B0 /* SceneDelegate.swift */ = {isa = PBXFileReference; lastKnownFileType = sourcecode.swift; path = SceneDelegate.swift; sourceTree = "<group>"; };
		D1DFCCAC29F495B100AAB1B0 /* ViewController.swift */ = {isa = PBXFileReference; lastKnownFileType = sourcecode.swift; path = ViewController.swift; sourceTree = "<group>"; };
		D1DFCCAF29F495B100AAB1B0 /* Base */ = {isa = PBXFileReference; lastKnownFileType = file.storyboard; name = Base; path = Base.lproj/Main.storyboard; sourceTree = "<group>"; };
		D1DFCCB129F495B200AAB1B0 /* Assets.xcassets */ = {isa = PBXFileReference; lastKnownFileType = folder.assetcatalog; path = Assets.xcassets; sourceTree = "<group>"; };
		D1DFCCB429F495B200AAB1B0 /* Base */ = {isa = PBXFileReference; lastKnownFileType = file.storyboard; name = Base; path = Base.lproj/LaunchScreen.storyboard; sourceTree = "<group>"; };
		D1DFCCB629F495B200AAB1B0 /* Info.plist */ = {isa = PBXFileReference; lastKnownFileType = text.plist.xml; path = Info.plist; sourceTree = "<group>"; };
/* End PBXFileReference section */

/* Begin PBXFrameworksBuildPhase section */
		D1DFCCA229F495B100AAB1B0 /* Frameworks */ = {
			isa = PBXFrameworksBuildPhase;
			buildActionMask = 2147483647;
			files = (
				9B83F72E6F09CA838612610F /* Pods_PianistMatchingApp.framework in Frameworks */,
			);
			runOnlyForDeploymentPostprocessing = 0;
		};
/* End PBXFrameworksBuildPhase section */

/* Begin PBXGroup section */
		67DCC64CD1AC04AC07567B93 /* Pods */ = {
			isa = PBXGroup;
			children = (
				9252378140F6DE6AE3E31B1D /* Pods-PianistMatchingApp.debug.xcconfig */,
				B4659DB733F178629CA23E58 /* Pods-PianistMatchingApp.release.xcconfig */,
			);
			path = Pods;
			sourceTree = "<group>";
		};
		D19515AA29F504800037500A /* Controller */ = {
			isa = PBXGroup;
			children = (
				D1DFCCAC29F495B100AAB1B0 /* ViewController.swift */,
				D19515AE29F5093C0037500A /* CreateNewUserViewController.swift */,
				D19515B329F549940037500A /* inputProfileTextController.swift */,
				D19515C029F78AC50037500A /* HumansfViewController.swift */,
				D19515C429F7A9BF0037500A /* ProfileViewController.swift */,
			);
			path = Controller;
			sourceTree = "<group>";
		};
		D19515AB29F504B70037500A /* View */ = {
			isa = PBXGroup;
			children = (
				D1DFCCAE29F495B100AAB1B0 /* Main.storyboard */,
				D19515C629F8DA0B0037500A /* ProfileImageCell.swift */,
				D19515C729F8DA0B0037500A /* ProfileImageCell.xib */,
				D19515CA29F8EA840037500A /* ProfileTextCell.swift */,
				D19515CB29F8EA840037500A /* ProfileTextCell.xib */,
				D19515CE29F8ECF80037500A /* ProfileDetailCell.swift */,
				D19515CF29F8ECF80037500A /* ProfileDetailCell.xib */,
			);
			path = View;
			sourceTree = "<group>";
		};
		D19515B029F5178A0037500A /* Util */ = {
			isa = PBXGroup;
			children = (
				D19515B129F518010037500A /* Util.swift */,
				D19515BE29F786950037500A /* KeyChainConfig.swift */,
			);
			path = Util;
			sourceTree = "<group>";
		};
		D19515B529F54D3F0037500A /* Model */ = {
			isa = PBXGroup;
			children = (
				D19515B629F54D6E0037500A /* Manager.swift */,
				D19515B829F550ED0037500A /* UserDataModel.swift */,
				D19515BA29F556B80037500A /* SendDBModel.swift */,
				D19515C229F7942A0037500A /* LoadDBModel.swift */,
			);
			path = Model;
			sourceTree = "<group>";
		};
		D1DFCC9C29F495B100AAB1B0 = {
			isa = PBXGroup;
			children = (
				D1DFCCA729F495B100AAB1B0 /* PianistMatchingApp */,
				D1DFCCA629F495B100AAB1B0 /* Products */,
				67DCC64CD1AC04AC07567B93 /* Pods */,
				DFF78F5D0B00B81478076C5D /* Frameworks */,
			);
			sourceTree = "<group>";
		};
		D1DFCCA629F495B100AAB1B0 /* Products */ = {
			isa = PBXGroup;
			children = (
				D1DFCCA529F495B100AAB1B0 /* PianistMatchingApp.app */,
			);
			name = Products;
			sourceTree = "<group>";
		};
		D1DFCCA729F495B100AAB1B0 /* PianistMatchingApp */ = {
			isa = PBXGroup;
			children = (
				D19515B029F5178A0037500A /* Util */,
				D1DFCCA829F495B100AAB1B0 /* AppDelegate.swift */,
				D1DFCCAA29F495B100AAB1B0 /* SceneDelegate.swift */,
				D19515BC29F66F870037500A /* heart.json */,
				D19515B529F54D3F0037500A /* Model */,
				D19515AA29F504800037500A /* Controller */,
				D19515AB29F504B70037500A /* View */,
				D1DFCCB129F495B200AAB1B0 /* Assets.xcassets */,
				D1DFCCB329F495B200AAB1B0 /* LaunchScreen.storyboard */,
				D1DFCCB629F495B200AAB1B0 /* Info.plist */,
				D19515AC29F506F40037500A /* GoogleService-Info.plist */,
			);
			path = PianistMatchingApp;
			sourceTree = "<group>";
		};
		DFF78F5D0B00B81478076C5D /* Frameworks */ = {
			isa = PBXGroup;
			children = (
				6AA7EA79A49363C80406E63B /* Pods_PianistMatchingApp.framework */,
			);
			name = Frameworks;
			sourceTree = "<group>";
		};
/* End PBXGroup section */

/* Begin PBXNativeTarget section */
		D1DFCCA429F495B100AAB1B0 /* PianistMatchingApp */ = {
			isa = PBXNativeTarget;
			buildConfigurationList = D1DFCCB929F495B200AAB1B0 /* Build configuration list for PBXNativeTarget "PianistMatchingApp" */;
			buildPhases = (
				BC5228AC78A9C22908AE7068 /* [CP] Check Pods Manifest.lock */,
				D1DFCCA129F495B100AAB1B0 /* Sources */,
				D1DFCCA229F495B100AAB1B0 /* Frameworks */,
				D1DFCCA329F495B100AAB1B0 /* Resources */,
				420498796C7B3CBD898A8BD6 /* [CP] Embed Pods Frameworks */,
			);
			buildRules = (
			);
			dependencies = (
			);
			name = PianistMatchingApp;
			productName = PianistMatchingApp;
			productReference = D1DFCCA529F495B100AAB1B0 /* PianistMatchingApp.app */;
			productType = "com.apple.product-type.application";
		};
/* End PBXNativeTarget section */

/* Begin PBXProject section */
		D1DFCC9D29F495B100AAB1B0 /* Project object */ = {
			isa = PBXProject;
			attributes = {
				BuildIndependentTargetsInParallel = 1;
				LastSwiftUpdateCheck = 1420;
				LastUpgradeCheck = 1420;
				TargetAttributes = {
					D1DFCCA429F495B100AAB1B0 = {
						CreatedOnToolsVersion = 14.2;
					};
				};
			};
			buildConfigurationList = D1DFCCA029F495B100AAB1B0 /* Build configuration list for PBXProject "PianistMatchingApp" */;
			compatibilityVersion = "Xcode 14.0";
			developmentRegion = en;
			hasScannedForEncodings = 0;
			knownRegions = (
				en,
				Base,
			);
			mainGroup = D1DFCC9C29F495B100AAB1B0;
			productRefGroup = D1DFCCA629F495B100AAB1B0 /* Products */;
			projectDirPath = "";
			projectRoot = "";
			targets = (
				D1DFCCA429F495B100AAB1B0 /* PianistMatchingApp */,
			);
		};
/* End PBXProject section */

/* Begin PBXResourcesBuildPhase section */
		D1DFCCA329F495B100AAB1B0 /* Resources */ = {
			isa = PBXResourcesBuildPhase;
			buildActionMask = 2147483647;
			files = (
				D1DFCCB529F495B200AAB1B0 /* LaunchScreen.storyboard in Resources */,
				D1DFCCB229F495B200AAB1B0 /* Assets.xcassets in Resources */,
				D19515D129F8ECF80037500A /* ProfileDetailCell.xib in Resources */,
				D19515CD29F8EA840037500A /* ProfileTextCell.xib in Resources */,
				D1DFCCB029F495B100AAB1B0 /* Main.storyboard in Resources */,
				D19515C929F8DA0B0037500A /* ProfileImageCell.xib in Resources */,
				D19515BD29F66F870037500A /* heart.json in Resources */,
				D19515AD29F506F40037500A /* GoogleService-Info.plist in Resources */,
			);
			runOnlyForDeploymentPostprocessing = 0;
		};
/* End PBXResourcesBuildPhase section */

/* Begin PBXShellScriptBuildPhase section */
		420498796C7B3CBD898A8BD6 /* [CP] Embed Pods Frameworks */ = {
			isa = PBXShellScriptBuildPhase;
			buildActionMask = 2147483647;
			files = (
			);
			inputFileListPaths = (
				"${PODS_ROOT}/Target Support Files/Pods-PianistMatchingApp/Pods-PianistMatchingApp-frameworks-${CONFIGURATION}-input-files.xcfilelist",
			);
			name = "[CP] Embed Pods Frameworks";
			outputFileListPaths = (
				"${PODS_ROOT}/Target Support Files/Pods-PianistMatchingApp/Pods-PianistMatchingApp-frameworks-${CONFIGURATION}-output-files.xcfilelist",
			);
			runOnlyForDeploymentPostprocessing = 0;
			shellPath = /bin/sh;
			shellScript = "\"${PODS_ROOT}/Target Support Files/Pods-PianistMatchingApp/Pods-PianistMatchingApp-frameworks.sh\"\n";
			showEnvVarsInLog = 0;
		};
		BC5228AC78A9C22908AE7068 /* [CP] Check Pods Manifest.lock */ = {
			isa = PBXShellScriptBuildPhase;
			buildActionMask = 2147483647;
			files = (
			);
			inputFileListPaths = (
			);
			inputPaths = (
				"${PODS_PODFILE_DIR_PATH}/Podfile.lock",
				"${PODS_ROOT}/Manifest.lock",
			);
			name = "[CP] Check Pods Manifest.lock";
			outputFileListPaths = (
			);
			outputPaths = (
				"$(DERIVED_FILE_DIR)/Pods-PianistMatchingApp-checkManifestLockResult.txt",
			);
			runOnlyForDeploymentPostprocessing = 0;
			shellPath = /bin/sh;
			shellScript = "diff \"${PODS_PODFILE_DIR_PATH}/Podfile.lock\" \"${PODS_ROOT}/Manifest.lock\" > /dev/null\nif [ $? != 0 ] ; then\n    # print error to STDERR\n    echo \"error: The sandbox is not in sync with the Podfile.lock. Run 'pod install' or update your CocoaPods installation.\" >&2\n    exit 1\nfi\n# This output is used by Xcode 'outputs' to avoid re-running this script phase.\necho \"SUCCESS\" > \"${SCRIPT_OUTPUT_FILE_0}\"\n";
			showEnvVarsInLog = 0;
		};
/* End PBXShellScriptBuildPhase section */

/* Begin PBXSourcesBuildPhase section */
		D1DFCCA129F495B100AAB1B0 /* Sources */ = {
			isa = PBXSourcesBuildPhase;
			buildActionMask = 2147483647;
			files = (
				D19515B929F550ED0037500A /* UserDataModel.swift in Sources */,
				D19515BF29F786950037500A /* KeyChainConfig.swift in Sources */,
				D19515AF29F5093C0037500A /* CreateNewUserViewController.swift in Sources */,
				D1DFCCAD29F495B100AAB1B0 /* ViewController.swift in Sources */,
				D19515CC29F8EA840037500A /* ProfileTextCell.swift in Sources */,
				D19515B229F518010037500A /* Util.swift in Sources */,
				D19515D029F8ECF80037500A /* ProfileDetailCell.swift in Sources */,
				D19515C829F8DA0B0037500A /* ProfileImageCell.swift in Sources */,
				D1DFCCA929F495B100AAB1B0 /* AppDelegate.swift in Sources */,
				D19515B729F54D6E0037500A /* Manager.swift in Sources */,
				D19515C329F7942A0037500A /* LoadDBModel.swift in Sources */,
				D19515BB29F556B80037500A /* SendDBModel.swift in Sources */,
				D19515C129F78AC50037500A /* HumansfViewController.swift in Sources */,
				D19515C529F7A9BF0037500A /* ProfileViewController.swift in Sources */,
				D19515B429F549940037500A /* inputProfileTextController.swift in Sources */,
				D1DFCCAB29F495B100AAB1B0 /* SceneDelegate.swift in Sources */,
			);
			runOnlyForDeploymentPostprocessing = 0;
		};
/* End PBXSourcesBuildPhase section */

/* Begin PBXVariantGroup section */
		D1DFCCAE29F495B100AAB1B0 /* Main.storyboard */ = {
			isa = PBXVariantGroup;
			children = (
				D1DFCCAF29F495B100AAB1B0 /* Base */,
			);
			name = Main.storyboard;
			sourceTree = "<group>";
		};
		D1DFCCB329F495B200AAB1B0 /* LaunchScreen.storyboard */ = {
			isa = PBXVariantGroup;
			children = (
				D1DFCCB429F495B200AAB1B0 /* Base */,
			);
			name = LaunchScreen.storyboard;
			sourceTree = "<group>";
		};
/* End PBXVariantGroup section */

/* Begin XCBuildConfiguration section */
		D1DFCCB729F495B200AAB1B0 /* Debug */ = {
			isa = XCBuildConfiguration;
			buildSettings = {
				ALWAYS_SEARCH_USER_PATHS = NO;
				CLANG_ANALYZER_NONNULL = YES;
				CLANG_ANALYZER_NUMBER_OBJECT_CONVERSION = YES_AGGRESSIVE;
				CLANG_CXX_LANGUAGE_STANDARD = "gnu++20";
				CLANG_ENABLE_MODULES = YES;
				CLANG_ENABLE_OBJC_ARC = YES;
				CLANG_ENABLE_OBJC_WEAK = YES;
				CLANG_WARN_BLOCK_CAPTURE_AUTORELEASING = YES;
				CLANG_WARN_BOOL_CONVERSION = YES;
				CLANG_WARN_COMMA = YES;
				CLANG_WARN_CONSTANT_CONVERSION = YES;
				CLANG_WARN_DEPRECATED_OBJC_IMPLEMENTATIONS = YES;
				CLANG_WARN_DIRECT_OBJC_ISA_USAGE = YES_ERROR;
				CLANG_WARN_DOCUMENTATION_COMMENTS = YES;
				CLANG_WARN_EMPTY_BODY = YES;
				CLANG_WARN_ENUM_CONVERSION = YES;
				CLANG_WARN_INFINITE_RECURSION = YES;
				CLANG_WARN_INT_CONVERSION = YES;
				CLANG_WARN_NON_LITERAL_NULL_CONVERSION = YES;
				CLANG_WARN_OBJC_IMPLICIT_RETAIN_SELF = YES;
				CLANG_WARN_OBJC_LITERAL_CONVERSION = YES;
				CLANG_WARN_OBJC_ROOT_CLASS = YES_ERROR;
				CLANG_WARN_QUOTED_INCLUDE_IN_FRAMEWORK_HEADER = YES;
				CLANG_WARN_RANGE_LOOP_ANALYSIS = YES;
				CLANG_WARN_STRICT_PROTOTYPES = YES;
				CLANG_WARN_SUSPICIOUS_MOVE = YES;
				CLANG_WARN_UNGUARDED_AVAILABILITY = YES_AGGRESSIVE;
				CLANG_WARN_UNREACHABLE_CODE = YES;
				CLANG_WARN__DUPLICATE_METHOD_MATCH = YES;
				COPY_PHASE_STRIP = NO;
				DEBUG_INFORMATION_FORMAT = dwarf;
				ENABLE_STRICT_OBJC_MSGSEND = YES;
				ENABLE_TESTABILITY = YES;
				GCC_C_LANGUAGE_STANDARD = gnu11;
				GCC_DYNAMIC_NO_PIC = NO;
				GCC_NO_COMMON_BLOCKS = YES;
				GCC_OPTIMIZATION_LEVEL = 0;
				GCC_PREPROCESSOR_DEFINITIONS = (
					"DEBUG=1",
					"$(inherited)",
				);
				GCC_WARN_64_TO_32_BIT_CONVERSION = YES;
				GCC_WARN_ABOUT_RETURN_TYPE = YES_ERROR;
				GCC_WARN_UNDECLARED_SELECTOR = YES;
				GCC_WARN_UNINITIALIZED_AUTOS = YES_AGGRESSIVE;
				GCC_WARN_UNUSED_FUNCTION = YES;
				GCC_WARN_UNUSED_VARIABLE = YES;
				IPHONEOS_DEPLOYMENT_TARGET = 16.2;
				MTL_ENABLE_DEBUG_INFO = INCLUDE_SOURCE;
				MTL_FAST_MATH = YES;
				ONLY_ACTIVE_ARCH = YES;
				SDKROOT = iphoneos;
				SWIFT_ACTIVE_COMPILATION_CONDITIONS = DEBUG;
				SWIFT_OPTIMIZATION_LEVEL = "-Onone";
			};
			name = Debug;
		};
		D1DFCCB829F495B200AAB1B0 /* Release */ = {
			isa = XCBuildConfiguration;
			buildSettings = {
				ALWAYS_SEARCH_USER_PATHS = NO;
				CLANG_ANALYZER_NONNULL = YES;
				CLANG_ANALYZER_NUMBER_OBJECT_CONVERSION = YES_AGGRESSIVE;
				CLANG_CXX_LANGUAGE_STANDARD = "gnu++20";
				CLANG_ENABLE_MODULES = YES;
				CLANG_ENABLE_OBJC_ARC = YES;
				CLANG_ENABLE_OBJC_WEAK = YES;
				CLANG_WARN_BLOCK_CAPTURE_AUTORELEASING = YES;
				CLANG_WARN_BOOL_CONVERSION = YES;
				CLANG_WARN_COMMA = YES;
				CLANG_WARN_CONSTANT_CONVERSION = YES;
				CLANG_WARN_DEPRECATED_OBJC_IMPLEMENTATIONS = YES;
				CLANG_WARN_DIRECT_OBJC_ISA_USAGE = YES_ERROR;
				CLANG_WARN_DOCUMENTATION_COMMENTS = YES;
				CLANG_WARN_EMPTY_BODY = YES;
				CLANG_WARN_ENUM_CONVERSION = YES;
				CLANG_WARN_INFINITE_RECURSION = YES;
				CLANG_WARN_INT_CONVERSION = YES;
				CLANG_WARN_NON_LITERAL_NULL_CONVERSION = YES;
				CLANG_WARN_OBJC_IMPLICIT_RETAIN_SELF = YES;
				CLANG_WARN_OBJC_LITERAL_CONVERSION = YES;
				CLANG_WARN_OBJC_ROOT_CLASS = YES_ERROR;
				CLANG_WARN_QUOTED_INCLUDE_IN_FRAMEWORK_HEADER = YES;
				CLANG_WARN_RANGE_LOOP_ANALYSIS = YES;
				CLANG_WARN_STRICT_PROTOTYPES = YES;
				CLANG_WARN_SUSPICIOUS_MOVE = YES;
				CLANG_WARN_UNGUARDED_AVAILABILITY = YES_AGGRESSIVE;
				CLANG_WARN_UNREACHABLE_CODE = YES;
				CLANG_WARN__DUPLICATE_METHOD_MATCH = YES;
				COPY_PHASE_STRIP = NO;
				DEBUG_INFORMATION_FORMAT = "dwarf-with-dsym";
				ENABLE_NS_ASSERTIONS = NO;
				ENABLE_STRICT_OBJC_MSGSEND = YES;
				GCC_C_LANGUAGE_STANDARD = gnu11;
				GCC_NO_COMMON_BLOCKS = YES;
				GCC_WARN_64_TO_32_BIT_CONVERSION = YES;
				GCC_WARN_ABOUT_RETURN_TYPE = YES_ERROR;
				GCC_WARN_UNDECLARED_SELECTOR = YES;
				GCC_WARN_UNINITIALIZED_AUTOS = YES_AGGRESSIVE;
				GCC_WARN_UNUSED_FUNCTION = YES;
				GCC_WARN_UNUSED_VARIABLE = YES;
				IPHONEOS_DEPLOYMENT_TARGET = 16.2;
				MTL_ENABLE_DEBUG_INFO = NO;
				MTL_FAST_MATH = YES;
				SDKROOT = iphoneos;
				SWIFT_COMPILATION_MODE = wholemodule;
				SWIFT_OPTIMIZATION_LEVEL = "-O";
				VALIDATE_PRODUCT = YES;
			};
			name = Release;
		};
		D1DFCCBA29F495B200AAB1B0 /* Debug */ = {
			isa = XCBuildConfiguration;
			baseConfigurationReference = 9252378140F6DE6AE3E31B1D /* Pods-PianistMatchingApp.debug.xcconfig */;
			buildSettings = {
				ASSETCATALOG_COMPILER_APPICON_NAME = AppIcon;
				ASSETCATALOG_COMPILER_GLOBAL_ACCENT_COLOR_NAME = AccentColor;
				CODE_SIGN_STYLE = Automatic;
				CURRENT_PROJECT_VERSION = 1;
				DEVELOPMENT_TEAM = 6J48TJY98C;
				GENERATE_INFOPLIST_FILE = YES;
				INFOPLIST_FILE = PianistMatchingApp/Info.plist;
				INFOPLIST_KEY_UIApplicationSupportsIndirectInputEvents = YES;
				INFOPLIST_KEY_UILaunchStoryboardName = LaunchScreen;
				INFOPLIST_KEY_UIMainStoryboardFile = Main;
				INFOPLIST_KEY_UISupportedInterfaceOrientations_iPad = "UIInterfaceOrientationPortrait UIInterfaceOrientationPortraitUpsideDown UIInterfaceOrientationLandscapeLeft UIInterfaceOrientationLandscapeRight";
				INFOPLIST_KEY_UISupportedInterfaceOrientations_iPhone = "UIInterfaceOrientationPortrait UIInterfaceOrientationLandscapeLeft UIInterfaceOrientationLandscapeRight";
				LD_RUNPATH_SEARCH_PATHS = (
					"$(inherited)",
					"@executable_path/Frameworks",
				);
				MARKETING_VERSION = 1.0;
				PRODUCT_BUNDLE_IDENTIFIER = com.yukinaka.PianistMatchingApp;
				PRODUCT_NAME = "$(TARGET_NAME)";
				SWIFT_EMIT_LOC_STRINGS = YES;
				SWIFT_VERSION = 5.0;
				TARGETED_DEVICE_FAMILY = "1,2";
			};
			name = Debug;
		};
		D1DFCCBB29F495B200AAB1B0 /* Release */ = {
			isa = XCBuildConfiguration;
			baseConfigurationReference = B4659DB733F178629CA23E58 /* Pods-PianistMatchingApp.release.xcconfig */;
			buildSettings = {
				ASSETCATALOG_COMPILER_APPICON_NAME = AppIcon;
				ASSETCATALOG_COMPILER_GLOBAL_ACCENT_COLOR_NAME = AccentColor;
				CODE_SIGN_STYLE = Automatic;
				CURRENT_PROJECT_VERSION = 1;
				DEVELOPMENT_TEAM = 6J48TJY98C;
				GENERATE_INFOPLIST_FILE = YES;
				INFOPLIST_FILE = PianistMatchingApp/Info.plist;
				INFOPLIST_KEY_UIApplicationSupportsIndirectInputEvents = YES;
				INFOPLIST_KEY_UILaunchStoryboardName = LaunchScreen;
				INFOPLIST_KEY_UIMainStoryboardFile = Main;
				INFOPLIST_KEY_UISupportedInterfaceOrientations_iPad = "UIInterfaceOrientationPortrait UIInterfaceOrientationPortraitUpsideDown UIInterfaceOrientationLandscapeLeft UIInterfaceOrientationLandscapeRight";
				INFOPLIST_KEY_UISupportedInterfaceOrientations_iPhone = "UIInterfaceOrientationPortrait UIInterfaceOrientationLandscapeLeft UIInterfaceOrientationLandscapeRight";
				LD_RUNPATH_SEARCH_PATHS = (
					"$(inherited)",
					"@executable_path/Frameworks",
				);
				MARKETING_VERSION = 1.0;
				PRODUCT_BUNDLE_IDENTIFIER = com.yukinaka.PianistMatchingApp;
				PRODUCT_NAME = "$(TARGET_NAME)";
				SWIFT_EMIT_LOC_STRINGS = YES;
				SWIFT_VERSION = 5.0;
				TARGETED_DEVICE_FAMILY = "1,2";
			};
			name = Release;
		};
/* End XCBuildConfiguration section */

/* Begin XCConfigurationList section */
		D1DFCCA029F495B100AAB1B0 /* Build configuration list for PBXProject "PianistMatchingApp" */ = {
			isa = XCConfigurationList;
			buildConfigurations = (
				D1DFCCB729F495B200AAB1B0 /* Debug */,
				D1DFCCB829F495B200AAB1B0 /* Release */,
			);
			defaultConfigurationIsVisible = 0;
			defaultConfigurationName = Release;
		};
		D1DFCCB929F495B200AAB1B0 /* Build configuration list for PBXNativeTarget "PianistMatchingApp" */ = {
			isa = XCConfigurationList;
			buildConfigurations = (
				D1DFCCBA29F495B200AAB1B0 /* Debug */,
				D1DFCCBB29F495B200AAB1B0 /* Release */,
			);
			defaultConfigurationIsVisible = 0;
			defaultConfigurationName = Release;
		};
/* End XCConfigurationList section */
	};
	rootObject = D1DFCC9D29F495B100AAB1B0 /* Project object */;
}
